
Microsoft Visual Studio Solution File, Format Version 11.00
# Visual Studio 2010
Project("{FAE04EC0-301F-11D3-BF4B-00C04F79EFBC}") = "Assembly-CSharp", "Assembly-CSharp.csproj", "{20F13F97-087C-E7DF-5259-FABE2F359D64}"
EndProject
Global
	GlobalSection(SolutionConfigurationPlatforms) = preSolution
		Debug|Any CPU = Debug|Any CPU
		Release|Any CPU = Release|Any CPU
	EndGlobalSection
	GlobalSection(ProjectConfigurationPlatforms) = postSolution
		{20F13F97-087C-E7DF-5259-FABE2F359D64}.Debug|Any CPU.ActiveCfg = Debug|Any CPU
		{20F13F97-087C-E7DF-5259-FABE2F359D64}.Debug|Any CPU.Build.0 = Debug|Any CPU
		{20F13F97-087C-E7DF-5259-FABE2F359D64}.Release|Any CPU.ActiveCfg = Release|Any CPU
		{20F13F97-087C-E7DF-5259-FABE2F359D64}.Release|Any CPU.Build.0 = Release|Any CPU
	EndGlobalSection
	GlobalSection(SolutionProperties) = preSolution
		HideSolutionNode = FALSE
	EndGlobalSection
	GlobalSection(MonoDevelopProperties) = preSolution
		StartupItem = Assembly-CSharp.csproj
	EndGlobalSection
EndGlobal
